// !$*UTF8*$!
{
	archiveVersion = 1;
	classes = {
	};
	objectVersion = 50;
	objects = {

/* Begin PBXBuildFile section */
		AA1F802A22AC354400106284 /* CommentViewController.swift in Sources */ = {isa = PBXBuildFile; fileRef = AA1F802922AC354400106284 /* CommentViewController.swift */; };
		AA2AA2E922870516001B6EC5 /* ImageTableViewCell.swift in Sources */ = {isa = PBXBuildFile; fileRef = AA2AA2E722870516001B6EC5 /* ImageTableViewCell.swift */; };
		AA2D6B6B22A29F540042A164 /* CategoryTableViewController.swift in Sources */ = {isa = PBXBuildFile; fileRef = AA2D6B6A22A29F540042A164 /* CategoryTableViewController.swift */; };
		AA2FAFCC2269B89F005C27C7 /* Report.swift in Sources */ = {isa = PBXBuildFile; fileRef = AA2FAFCB2269B89F005C27C7 /* Report.swift */; };
		AA2FAFCE2269C5FB005C27C7 /* LocationService.swift in Sources */ = {isa = PBXBuildFile; fileRef = AA2FAFCD2269C5FB005C27C7 /* LocationService.swift */; };
		AA318951227DC38C0079FF8A /* LocationObserver.swift in Sources */ = {isa = PBXBuildFile; fileRef = AA318950227DC38C0079FF8A /* LocationObserver.swift */; };
		AA63691C22D5DE5E007C7536 /* CameraService.swift in Sources */ = {isa = PBXBuildFile; fileRef = AA63691B22D5DE5E007C7536 /* CameraService.swift */; };
		AA663103232A4A7D0069F8A8 /* PListService.swift in Sources */ = {isa = PBXBuildFile; fileRef = AA663102232A4A7D0069F8A8 /* PListService.swift */; };
		AAA3140A230423DB00877C8F /* ReportsViewController.swift in Sources */ = {isa = PBXBuildFile; fileRef = AAA31409230423DB00877C8F /* ReportsViewController.swift */; };
		AAA3140D2304341E00877C8F /* UIButtonExtension.swift in Sources */ = {isa = PBXBuildFile; fileRef = AAA3140C2304341E00877C8F /* UIButtonExtension.swift */; };
		AAA314112304499D00877C8F /* UIViewExtension.swift in Sources */ = {isa = PBXBuildFile; fileRef = AAA314102304499D00877C8F /* UIViewExtension.swift */; };
		AABB42362262128600B72C36 /* AppDelegate.swift in Sources */ = {isa = PBXBuildFile; fileRef = AABB42352262128600B72C36 /* AppDelegate.swift */; };
		AABB423B2262128600B72C36 /* Main.storyboard in Resources */ = {isa = PBXBuildFile; fileRef = AABB42392262128600B72C36 /* Main.storyboard */; };
		AABB423D2262128700B72C36 /* Assets.xcassets in Resources */ = {isa = PBXBuildFile; fileRef = AABB423C2262128700B72C36 /* Assets.xcassets */; };
		AABB42402262128700B72C36 /* LaunchScreen.storyboard in Resources */ = {isa = PBXBuildFile; fileRef = AABB423E2262128700B72C36 /* LaunchScreen.storyboard */; };
		AABB424A226213FA00B72C36 /* outline_file_copy_black_18dp.png in Resources */ = {isa = PBXBuildFile; fileRef = AABB4249226213FA00B72C36 /* outline_file_copy_black_18dp.png */; };
		AABB424C2262140C00B72C36 /* outline_assignment_black_18dp.png in Resources */ = {isa = PBXBuildFile; fileRef = AABB424B2262140C00B72C36 /* outline_assignment_black_18dp.png */; };
		AABB4250226214BE00B72C36 /* MyReportsTableViewController.swift in Sources */ = {isa = PBXBuildFile; fileRef = AABB424F226214BE00B72C36 /* MyReportsTableViewController.swift */; };
		AABB425222622D3B00B72C36 /* NewReportTableViewController.swift in Sources */ = {isa = PBXBuildFile; fileRef = AABB425122622D3B00B72C36 /* NewReportTableViewController.swift */; };
		AAD6C25322B8F69C009F46CE /* CustomButton.swift in Sources */ = {isa = PBXBuildFile; fileRef = AAD6C25222B8F69C009F46CE /* CustomButton.swift */; };
		AAF8A905227C7C5600D53629 /* TableViewService.swift in Sources */ = {isa = PBXBuildFile; fileRef = AAF8A904227C7C5600D53629 /* TableViewService.swift */; };
/* End PBXBuildFile section */

/* Begin PBXFileReference section */
		AA1F802922AC354400106284 /* CommentViewController.swift */ = {isa = PBXFileReference; lastKnownFileType = sourcecode.swift; path = CommentViewController.swift; sourceTree = "<group>"; };
		AA2AA2E722870516001B6EC5 /* ImageTableViewCell.swift */ = {isa = PBXFileReference; lastKnownFileType = sourcecode.swift; path = ImageTableViewCell.swift; sourceTree = "<group>"; };
		AA2D6B6A22A29F540042A164 /* CategoryTableViewController.swift */ = {isa = PBXFileReference; lastKnownFileType = sourcecode.swift; path = CategoryTableViewController.swift; sourceTree = "<group>"; };
		AA2FAFCB2269B89F005C27C7 /* Report.swift */ = {isa = PBXFileReference; lastKnownFileType = sourcecode.swift; path = Report.swift; sourceTree = "<group>"; };
		AA2FAFCD2269C5FB005C27C7 /* LocationService.swift */ = {isa = PBXFileReference; lastKnownFileType = sourcecode.swift; path = LocationService.swift; sourceTree = "<group>"; };
		AA318950227DC38C0079FF8A /* LocationObserver.swift */ = {isa = PBXFileReference; lastKnownFileType = sourcecode.swift; path = LocationObserver.swift; sourceTree = "<group>"; };
		AA63691B22D5DE5E007C7536 /* CameraService.swift */ = {isa = PBXFileReference; lastKnownFileType = sourcecode.swift; path = CameraService.swift; sourceTree = "<group>"; };
		AA663102232A4A7D0069F8A8 /* PListService.swift */ = {isa = PBXFileReference; lastKnownFileType = sourcecode.swift; path = PListService.swift; sourceTree = "<group>"; };
		AAA31409230423DB00877C8F /* ReportsViewController.swift */ = {isa = PBXFileReference; lastKnownFileType = sourcecode.swift; path = ReportsViewController.swift; sourceTree = "<group>"; };
		AAA3140C2304341E00877C8F /* UIButtonExtension.swift */ = {isa = PBXFileReference; lastKnownFileType = sourcecode.swift; path = UIButtonExtension.swift; sourceTree = "<group>"; };
		AAA314102304499D00877C8F /* UIViewExtension.swift */ = {isa = PBXFileReference; lastKnownFileType = sourcecode.swift; path = UIViewExtension.swift; sourceTree = "<group>"; };
		AABB42322262128600B72C36 /* NewCityLife.app */ = {isa = PBXFileReference; explicitFileType = wrapper.application; includeInIndex = 0; path = NewCityLife.app; sourceTree = BUILT_PRODUCTS_DIR; };
		AABB42352262128600B72C36 /* AppDelegate.swift */ = {isa = PBXFileReference; lastKnownFileType = sourcecode.swift; path = AppDelegate.swift; sourceTree = "<group>"; };
		AABB423A2262128600B72C36 /* Base */ = {isa = PBXFileReference; lastKnownFileType = file.storyboard; name = Base; path = Base.lproj/Main.storyboard; sourceTree = "<group>"; };
		AABB423C2262128700B72C36 /* Assets.xcassets */ = {isa = PBXFileReference; lastKnownFileType = folder.assetcatalog; path = Assets.xcassets; sourceTree = "<group>"; };
		AABB423F2262128700B72C36 /* Base */ = {isa = PBXFileReference; lastKnownFileType = file.storyboard; name = Base; path = Base.lproj/LaunchScreen.storyboard; sourceTree = "<group>"; };
		AABB42412262128700B72C36 /* Info.plist */ = {isa = PBXFileReference; lastKnownFileType = text.plist.xml; path = Info.plist; sourceTree = "<group>"; };
		AABB4249226213FA00B72C36 /* outline_file_copy_black_18dp.png */ = {isa = PBXFileReference; lastKnownFileType = image.png; path = outline_file_copy_black_18dp.png; sourceTree = "<group>"; };
		AABB424B2262140C00B72C36 /* outline_assignment_black_18dp.png */ = {isa = PBXFileReference; lastKnownFileType = image.png; path = outline_assignment_black_18dp.png; sourceTree = "<group>"; };
		AABB424F226214BE00B72C36 /* MyReportsTableViewController.swift */ = {isa = PBXFileReference; lastKnownFileType = sourcecode.swift; path = MyReportsTableViewController.swift; sourceTree = "<group>"; };
		AABB425122622D3B00B72C36 /* NewReportTableViewController.swift */ = {isa = PBXFileReference; lastKnownFileType = sourcecode.swift; path = NewReportTableViewController.swift; sourceTree = "<group>"; };
		AAD6C25222B8F69C009F46CE /* CustomButton.swift */ = {isa = PBXFileReference; lastKnownFileType = sourcecode.swift; path = CustomButton.swift; sourceTree = "<group>"; };
		AAE280DA22AE669100003392 /* de */ = {isa = PBXFileReference; lastKnownFileType = text.plist.strings; name = de; path = de.lproj/Main.strings; sourceTree = "<group>"; };
		AAE280DB22AE669200003392 /* de */ = {isa = PBXFileReference; lastKnownFileType = text.plist.strings; name = de; path = de.lproj/LaunchScreen.strings; sourceTree = "<group>"; };
		AAF8A904227C7C5600D53629 /* TableViewService.swift */ = {isa = PBXFileReference; lastKnownFileType = sourcecode.swift; path = TableViewService.swift; sourceTree = "<group>"; };
/* End PBXFileReference section */

/* Begin PBXFrameworksBuildPhase section */
		AABB422F2262128600B72C36 /* Frameworks */ = {
			isa = PBXFrameworksBuildPhase;
			buildActionMask = 2147483647;
			files = (
			);
			runOnlyForDeploymentPostprocessing = 0;
		};
/* End PBXFrameworksBuildPhase section */

/* Begin PBXGroup section */
		AAA3140B230433C100877C8F /* Extensions */ = {
			isa = PBXGroup;
			children = (
				AAA3140C2304341E00877C8F /* UIButtonExtension.swift */,
				AAA314102304499D00877C8F /* UIViewExtension.swift */,
			);
			path = Extensions;
			sourceTree = "<group>";
		};
		AABB42292262128600B72C36 = {
			isa = PBXGroup;
			children = (
				AABB42342262128600B72C36 /* NewCityLife */,
				AABB42332262128600B72C36 /* Products */,
			);
			sourceTree = "<group>";
		};
		AABB42332262128600B72C36 /* Products */ = {
			isa = PBXGroup;
			children = (
				AABB42322262128600B72C36 /* NewCityLife.app */,
			);
			name = Products;
			sourceTree = "<group>";
		};
		AABB42342262128600B72C36 /* NewCityLife */ = {
			isa = PBXGroup;
			children = (
				AABB4247226213D500B72C36 /* Ressources */,
				AABB42352262128600B72C36 /* AppDelegate.swift */,
				AABB425122622D3B00B72C36 /* NewReportTableViewController.swift */,
				AABB424F226214BE00B72C36 /* MyReportsTableViewController.swift */,
				AA2D6B6A22A29F540042A164 /* CategoryTableViewController.swift */,
				AA1F802922AC354400106284 /* CommentViewController.swift */,
				AA2FAFCB2269B89F005C27C7 /* Report.swift */,
				AA2AA2E722870516001B6EC5 /* ImageTableViewCell.swift */,
				AAA31409230423DB00877C8F /* ReportsViewController.swift */,
				AAF8A903227C7C1C00D53629 /* Services */,
				AABB42392262128600B72C36 /* Main.storyboard */,
				AABB423C2262128700B72C36 /* Assets.xcassets */,
				AABB423E2262128700B72C36 /* LaunchScreen.storyboard */,
				AABB42412262128700B72C36 /* Info.plist */,
			);
			path = NewCityLife;
			sourceTree = "<group>";
		};
		AABB4247226213D500B72C36 /* Ressources */ = {
			isa = PBXGroup;
			children = (
				AAA3140B230433C100877C8F /* Extensions */,
				AABB4248226213E600B72C36 /* Images */,
				AAD6C25222B8F69C009F46CE /* CustomButton.swift */,
			);
			path = Ressources;
			sourceTree = "<group>";
		};
		AABB4248226213E600B72C36 /* Images */ = {
			isa = PBXGroup;
			children = (
				AABB424B2262140C00B72C36 /* outline_assignment_black_18dp.png */,
				AABB4249226213FA00B72C36 /* outline_file_copy_black_18dp.png */,
			);
			path = Images;
			sourceTree = "<group>";
		};
		AAF8A903227C7C1C00D53629 /* Services */ = {
			isa = PBXGroup;
			children = (
				AA2FAFCD2269C5FB005C27C7 /* LocationService.swift */,
				AAF8A904227C7C5600D53629 /* TableViewService.swift */,
				AA318950227DC38C0079FF8A /* LocationObserver.swift */,
				AA63691B22D5DE5E007C7536 /* CameraService.swift */,
				AA663102232A4A7D0069F8A8 /* PListService.swift */,
			);
			path = Services;
			sourceTree = "<group>";
		};
/* End PBXGroup section */

/* Begin PBXNativeTarget section */
		AABB42312262128600B72C36 /* NewCityLife */ = {
			isa = PBXNativeTarget;
			buildConfigurationList = AABB42442262128700B72C36 /* Build configuration list for PBXNativeTarget "NewCityLife" */;
			buildPhases = (
				AABB422E2262128600B72C36 /* Sources */,
				AABB422F2262128600B72C36 /* Frameworks */,
				AABB42302262128600B72C36 /* Resources */,
			);
			buildRules = (
			);
			dependencies = (
			);
			name = NewCityLife;
			productName = NewCityLife;
			productReference = AABB42322262128600B72C36 /* NewCityLife.app */;
			productType = "com.apple.product-type.application";
		};
/* End PBXNativeTarget section */

/* Begin PBXProject section */
		AABB422A2262128600B72C36 /* Project object */ = {
			isa = PBXProject;
			attributes = {
				LastSwiftUpdateCheck = 1020;
				LastUpgradeCheck = 1020;
				ORGANIZATIONNAME = Christian.Mansch;
				TargetAttributes = {
					AABB42312262128600B72C36 = {
						CreatedOnToolsVersion = 10.2;
					};
				};
			};
			buildConfigurationList = AABB422D2262128600B72C36 /* Build configuration list for PBXProject "NewCityLife" */;
			compatibilityVersion = "Xcode 9.3";
			developmentRegion = en;
			hasScannedForEncodings = 0;
			knownRegions = (
				en,
				Base,
				de,
			);
			mainGroup = AABB42292262128600B72C36;
			productRefGroup = AABB42332262128600B72C36 /* Products */;
			projectDirPath = "";
			projectRoot = "";
			targets = (
				AABB42312262128600B72C36 /* NewCityLife */,
			);
		};
/* End PBXProject section */

/* Begin PBXResourcesBuildPhase section */
		AABB42302262128600B72C36 /* Resources */ = {
			isa = PBXResourcesBuildPhase;
			buildActionMask = 2147483647;
			files = (
				AABB424C2262140C00B72C36 /* outline_assignment_black_18dp.png in Resources */,
				AABB424A226213FA00B72C36 /* outline_file_copy_black_18dp.png in Resources */,
				AABB42402262128700B72C36 /* LaunchScreen.storyboard in Resources */,
				AABB423D2262128700B72C36 /* Assets.xcassets in Resources */,
				AABB423B2262128600B72C36 /* Main.storyboard in Resources */,
			);
			runOnlyForDeploymentPostprocessing = 0;
		};
/* End PBXResourcesBuildPhase section */

/* Begin PBXSourcesBuildPhase section */
		AABB422E2262128600B72C36 /* Sources */ = {
			isa = PBXSourcesBuildPhase;
			buildActionMask = 2147483647;
			files = (
				AA1F802A22AC354400106284 /* CommentViewController.swift in Sources */,
				AABB4250226214BE00B72C36 /* MyReportsTableViewController.swift in Sources */,
				AA2AA2E922870516001B6EC5 /* ImageTableViewCell.swift in Sources */,
				AAF8A905227C7C5600D53629 /* TableViewService.swift in Sources */,
				AABB42362262128600B72C36 /* AppDelegate.swift in Sources */,
				AA663103232A4A7D0069F8A8 /* PListService.swift in Sources */,
				AA2FAFCE2269C5FB005C27C7 /* LocationService.swift in Sources */,
				AAA314112304499D00877C8F /* UIViewExtension.swift in Sources */,
				AA63691C22D5DE5E007C7536 /* CameraService.swift in Sources */,
				AA2D6B6B22A29F540042A164 /* CategoryTableViewController.swift in Sources */,
				AAD6C25322B8F69C009F46CE /* CustomButton.swift in Sources */,
				AAA3140A230423DB00877C8F /* ReportsViewController.swift in Sources */,
				AA318951227DC38C0079FF8A /* LocationObserver.swift in Sources */,
				AAA3140D2304341E00877C8F /* UIButtonExtension.swift in Sources */,
				AABB425222622D3B00B72C36 /* NewReportTableViewController.swift in Sources */,
				AA2FAFCC2269B89F005C27C7 /* Report.swift in Sources */,
			);
			runOnlyForDeploymentPostprocessing = 0;
		};
/* End PBXSourcesBuildPhase section */

/* Begin PBXVariantGroup section */
		AABB42392262128600B72C36 /* Main.storyboard */ = {
			isa = PBXVariantGroup;
			children = (
				AABB423A2262128600B72C36 /* Base */,
				AAE280DA22AE669100003392 /* de */,
			);
			name = Main.storyboard;
			sourceTree = "<group>";
		};
		AABB423E2262128700B72C36 /* LaunchScreen.storyboard */ = {
			isa = PBXVariantGroup;
			children = (
				AABB423F2262128700B72C36 /* Base */,
				AAE280DB22AE669200003392 /* de */,
			);
			name = LaunchScreen.storyboard;
			sourceTree = "<group>";
		};
/* End PBXVariantGroup section */

/* Begin XCBuildConfiguration section */
		AABB42422262128700B72C36 /* Debug */ = {
			isa = XCBuildConfiguration;
			buildSettings = {
				ALWAYS_SEARCH_USER_PATHS = NO;
				CLANG_ANALYZER_LOCALIZABILITY_NONLOCALIZED = YES;
				CLANG_ANALYZER_NONNULL = YES;
				CLANG_ANALYZER_NUMBER_OBJECT_CONVERSION = YES_AGGRESSIVE;
				CLANG_CXX_LANGUAGE_STANDARD = "gnu++14";
				CLANG_CXX_LIBRARY = "libc++";
				CLANG_ENABLE_MODULES = YES;
				CLANG_ENABLE_OBJC_ARC = YES;
				CLANG_ENABLE_OBJC_WEAK = YES;
				CLANG_WARN_BLOCK_CAPTURE_AUTORELEASING = YES;
				CLANG_WARN_BOOL_CONVERSION = YES;
				CLANG_WARN_COMMA = YES;
				CLANG_WARN_CONSTANT_CONVERSION = YES;
				CLANG_WARN_DEPRECATED_OBJC_IMPLEMENTATIONS = YES;
				CLANG_WARN_DIRECT_OBJC_ISA_USAGE = YES_ERROR;
				CLANG_WARN_DOCUMENTATION_COMMENTS = YES;
				CLANG_WARN_EMPTY_BODY = YES;
				CLANG_WARN_ENUM_CONVERSION = YES;
				CLANG_WARN_INFINITE_RECURSION = YES;
				CLANG_WARN_INT_CONVERSION = YES;
				CLANG_WARN_NON_LITERAL_NULL_CONVERSION = YES;
				CLANG_WARN_OBJC_IMPLICIT_RETAIN_SELF = YES;
				CLANG_WARN_OBJC_LITERAL_CONVERSION = YES;
				CLANG_WARN_OBJC_ROOT_CLASS = YES_ERROR;
				CLANG_WARN_RANGE_LOOP_ANALYSIS = YES;
				CLANG_WARN_STRICT_PROTOTYPES = YES;
				CLANG_WARN_SUSPICIOUS_MOVE = YES;
				CLANG_WARN_UNGUARDED_AVAILABILITY = YES_AGGRESSIVE;
				CLANG_WARN_UNREACHABLE_CODE = YES;
				CLANG_WARN__DUPLICATE_METHOD_MATCH = YES;
				CODE_SIGN_IDENTITY = "iPhone Developer";
				COPY_PHASE_STRIP = NO;
				DEBUG_INFORMATION_FORMAT = dwarf;
				ENABLE_STRICT_OBJC_MSGSEND = YES;
				ENABLE_TESTABILITY = YES;
				GCC_C_LANGUAGE_STANDARD = gnu11;
				GCC_DYNAMIC_NO_PIC = NO;
				GCC_NO_COMMON_BLOCKS = YES;
				GCC_OPTIMIZATION_LEVEL = 0;
				GCC_PREPROCESSOR_DEFINITIONS = (
					"DEBUG=1",
					"$(inherited)",
				);
				GCC_WARN_64_TO_32_BIT_CONVERSION = YES;
				GCC_WARN_ABOUT_RETURN_TYPE = YES_ERROR;
				GCC_WARN_UNDECLARED_SELECTOR = YES;
				GCC_WARN_UNINITIALIZED_AUTOS = YES_AGGRESSIVE;
				GCC_WARN_UNUSED_FUNCTION = YES;
				GCC_WARN_UNUSED_VARIABLE = YES;
				IPHONEOS_DEPLOYMENT_TARGET = 12.2;
				MTL_ENABLE_DEBUG_INFO = INCLUDE_SOURCE;
				MTL_FAST_MATH = YES;
				ONLY_ACTIVE_ARCH = YES;
				SDKROOT = iphoneos;
				SWIFT_ACTIVE_COMPILATION_CONDITIONS = DEBUG;
				SWIFT_OPTIMIZATION_LEVEL = "-Onone";
			};
			name = Debug;
		};
		AABB42432262128700B72C36 /* Release */ = {
			isa = XCBuildConfiguration;
			buildSettings = {
				ALWAYS_SEARCH_USER_PATHS = NO;
				CLANG_ANALYZER_LOCALIZABILITY_NONLOCALIZED = YES;
				CLANG_ANALYZER_NONNULL = YES;
				CLANG_ANALYZER_NUMBER_OBJECT_CONVERSION = YES_AGGRESSIVE;
				CLANG_CXX_LANGUAGE_STANDARD = "gnu++14";
				CLANG_CXX_LIBRARY = "libc++";
				CLANG_ENABLE_MODULES = YES;
				CLANG_ENABLE_OBJC_ARC = YES;
				CLANG_ENABLE_OBJC_WEAK = YES;
				CLANG_WARN_BLOCK_CAPTURE_AUTORELEASING = YES;
				CLANG_WARN_BOOL_CONVERSION = YES;
				CLANG_WARN_COMMA = YES;
				CLANG_WARN_CONSTANT_CONVERSION = YES;
				CLANG_WARN_DEPRECATED_OBJC_IMPLEMENTATIONS = YES;
				CLANG_WARN_DIRECT_OBJC_ISA_USAGE = YES_ERROR;
				CLANG_WARN_DOCUMENTATION_COMMENTS = YES;
				CLANG_WARN_EMPTY_BODY = YES;
				CLANG_WARN_ENUM_CONVERSION = YES;
				CLANG_WARN_INFINITE_RECURSION = YES;
				CLANG_WARN_INT_CONVERSION = YES;
				CLANG_WARN_NON_LITERAL_NULL_CONVERSION = YES;
				CLANG_WARN_OBJC_IMPLICIT_RETAIN_SELF = YES;
				CLANG_WARN_OBJC_LITERAL_CONVERSION = YES;
				CLANG_WARN_OBJC_ROOT_CLASS = YES_ERROR;
				CLANG_WARN_RANGE_LOOP_ANALYSIS = YES;
				CLANG_WARN_STRICT_PROTOTYPES = YES;
				CLANG_WARN_SUSPICIOUS_MOVE = YES;
				CLANG_WARN_UNGUARDED_AVAILABILITY = YES_AGGRESSIVE;
				CLANG_WARN_UNREACHABLE_CODE = YES;
				CLANG_WARN__DUPLICATE_METHOD_MATCH = YES;
				CODE_SIGN_IDENTITY = "iPhone Developer";
				COPY_PHASE_STRIP = NO;
				DEBUG_INFORMATION_FORMAT = "dwarf-with-dsym";
				ENABLE_NS_ASSERTIONS = NO;
				ENABLE_STRICT_OBJC_MSGSEND = YES;
				GCC_C_LANGUAGE_STANDARD = gnu11;
				GCC_NO_COMMON_BLOCKS = YES;
				GCC_WARN_64_TO_32_BIT_CONVERSION = YES;
				GCC_WARN_ABOUT_RETURN_TYPE = YES_ERROR;
				GCC_WARN_UNDECLARED_SELECTOR = YES;
				GCC_WARN_UNINITIALIZED_AUTOS = YES_AGGRESSIVE;
				GCC_WARN_UNUSED_FUNCTION = YES;
				GCC_WARN_UNUSED_VARIABLE = YES;
				IPHONEOS_DEPLOYMENT_TARGET = 12.2;
				MTL_ENABLE_DEBUG_INFO = NO;
				MTL_FAST_MATH = YES;
				SDKROOT = iphoneos;
				SWIFT_COMPILATION_MODE = wholemodule;
				SWIFT_OPTIMIZATION_LEVEL = "-O";
				VALIDATE_PRODUCT = YES;
			};
			name = Release;
		};
		AABB42452262128700B72C36 /* Debug */ = {
			isa = XCBuildConfiguration;
			buildSettings = {
				ASSETCATALOG_COMPILER_APPICON_NAME = AppIcon;
				CODE_SIGN_STYLE = Automatic;
				DEVELOPMENT_TEAM = J4X5KKRC3S;
				INFOPLIST_FILE = NewCityLife/Info.plist;
				LD_RUNPATH_SEARCH_PATHS = (
					"$(inherited)",
					"@executable_path/Frameworks",
				);
				PRODUCT_BUNDLE_IDENTIFIER = Christian.Mansch.NewCityLife;
				PRODUCT_NAME = "$(TARGET_NAME)";
				SWIFT_VERSION = 5.0;
				TARGETED_DEVICE_FAMILY = "1,2";
			};
			name = Debug;
		};
		AABB42462262128700B72C36 /* Release */ = {
			isa = XCBuildConfiguration;
			buildSettings = {
				ASSETCATALOG_COMPILER_APPICON_NAME = AppIcon;
				CODE_SIGN_STYLE = Automatic;
				DEVELOPMENT_TEAM = J4X5KKRC3S;
				INFOPLIST_FILE = NewCityLife/Info.plist;
				LD_RUNPATH_SEARCH_PATHS = (
					"$(inherited)",
					"@executable_path/Frameworks",
				);
				PRODUCT_BUNDLE_IDENTIFIER = Christian.Mansch.NewCityLife;
				PRODUCT_NAME = "$(TARGET_NAME)";
				SWIFT_VERSION = 5.0;
				TARGETED_DEVICE_FAMILY = "1,2";
			};
			name = Release;
		};
/* End XCBuildConfiguration section */

/* Begin XCConfigurationList section */
		AABB422D2262128600B72C36 /* Build configuration list for PBXProject "NewCityLife" */ = {
			isa = XCConfigurationList;
			buildConfigurations = (
				AABB42422262128700B72C36 /* Debug */,
				AABB42432262128700B72C36 /* Release */,
			);
			defaultConfigurationIsVisible = 0;
			defaultConfigurationName = Release;
		};
		AABB42442262128700B72C36 /* Build configuration list for PBXNativeTarget "NewCityLife" */ = {
			isa = XCConfigurationList;
			buildConfigurations = (
				AABB42452262128700B72C36 /* Debug */,
				AABB42462262128700B72C36 /* Release */,
			);
			defaultConfigurationIsVisible = 0;
			defaultConfigurationName = Release;
		};
/* End XCConfigurationList section */
	};
	rootObject = AABB422A2262128600B72C36 /* Project object */;
}
